
Microsoft Visual Studio Solution File, Format Version 12.00
# Visual Studio 15
VisualStudioVersion = 15.0.28307.902
MinimumVisualStudioVersion = 10.0.40219.1
Project("{8BC9CEB8-8B4A-11D0-8D11-00A0C91BC942}") = "ConsoleApplication1", "ConsoleApplication1\ConsoleApplication1.vcxproj", "{D21F55F6-366D-4704-84D1-8B572A96F68F}"
EndProject
Global
	GlobalSection(SolutionConfigurationPlatforms) = preSolution
		Debug|x64 = Debug|x64
		Debug|x86 = Debug|x86
		Release|x64 = Release|x64
		Release|x86 = Release|x86
	EndGlobalSection
	GlobalSection(ProjectConfigurationPlatforms) = postSolution
		{D21F55F6-366D-4704-84D1-8B572A96F68F}.Debug|x64.ActiveCfg = Debug|x64
		{D21F55F6-366D-4704-84D1-8B572A96F68F}.Debug|x64.Build.0 = Debug|x64
		{D21F55F6-366D-4704-84D1-8B572A96F68F}.Debug|x86.ActiveCfg = Debug|Win32
		{D21F55F6-366D-4704-84D1-8B572A96F68F}.Debug|x86.Build.0 = Debug|Win32
		{D21F55F6-366D-4704-84D1-8B572A96F68F}.Release|x64.ActiveCfg = Release|x64
		{D21F55F6-366D-4704-84D1-8B572A96F68F}.Release|x64.Build.0 = Release|x64
		{D21F55F6-366D-4704-84D1-8B572A96F68F}.Release|x86.ActiveCfg = Release|Win32
		{D21F55F6-366D-4704-84D1-8B572A96F68F}.Release|x86.Build.0 = Release|Win32
	EndGlobalSection
	GlobalSection(SolutionProperties) = preSolution
		HideSolutionNode = FALSE
	EndGlobalSection
	GlobalSection(ExtensibilityGlobals) = postSolution
		SolutionGuid = {B0281E2F-CFB8-44A5-80F5-800B35676B43}
	EndGlobalSection
EndGlobal
